
Microsoft Visual Studio Solution File, Format Version 12.00
# Visual Studio Version 17
VisualStudioVersion = 17.5.001.0
MinimumVisualStudioVersion = 10.0.40219.1
Project("{2150E333-8FDC-42A3-9474-1A3956D46DE8}") = "seminar1", "seminar1", "{068CD6F0-6D91-4DE2-B7BC-60D7CD481EFC}"
EndProject
Project("{9A19103F-16F7-4668-BE54-9A1E7A4F7556}") = "SeminarTask1", "seminar1\SeminarTask1\SeminarTask1.csproj", "{D44C7CEA-427C-4083-BCA2-9FAE1F211C61}"
EndProject
Project("{9A19103F-16F7-4668-BE54-9A1E7A4F7556}") = "Task_1", "seminar1\Task_1\Task_1.csproj", "{1B822BE4-936E-45D1-839A-FB591BBDFA34}"
EndProject
Project("{9A19103F-16F7-4668-BE54-9A1E7A4F7556}") = "Task_3", "seminar1\Task_3\Task_3.csproj", "{8E5A6C2C-FABE-4961-827C-2E73D254C030}"
EndProject
Project("{9A19103F-16F7-4668-BE54-9A1E7A4F7556}") = "Task_5", "seminar1\Task_5\Task_5.csproj", "{A222A536-0ADA-4635-A9B7-ECDC4E32FD78}"
EndProject
Project("{9A19103F-16F7-4668-BE54-9A1E7A4F7556}") = "Task_7", "seminar1\Task_7\Task_7.csproj", "{418DFAAA-D6BC-4940-850B-DC4FDD0945E5}"
EndProject
Project("{2150E333-8FDC-42A3-9474-1A3956D46DE8}") = "seminar2", "seminar2", "{57CF85C5-74E2-4D03-B453-5222E8CD1068}"
EndProject
Project("{9A19103F-16F7-4668-BE54-9A1E7A4F7556}") = "SeminarTask1", "seminar2\SeminarTask1\SeminarTask1.csproj", "{349A802A-83C5-4984-9247-E19FE22183F0}"
EndProject
Project("{9A19103F-16F7-4668-BE54-9A1E7A4F7556}") = "SeminarTask2(11)", "seminar2\SeminarTask2(11)\SeminarTask2(11).csproj", "{E6E64EA0-61B2-4A54-B2E8-561CBD1FBBF4}"
EndProject
Project("{9A19103F-16F7-4668-BE54-9A1E7A4F7556}") = "SeminarTask3", "seminar2\SeminarTask3\SeminarTask3.csproj", "{75518683-6291-4D33-9D74-229FDEDA2036}"
EndProject
Project("{9A19103F-16F7-4668-BE54-9A1E7A4F7556}") = "SeminarTask3)", "seminar2\SeminarTask3)\SeminarTask3).csproj", "{F85B8219-6D4A-40D5-9B9C-AE08B577B782}"
EndProject
Project("{2150E333-8FDC-42A3-9474-1A3956D46DE8}") = "DS", "DS", "{C2355601-EFF5-4CCB-BBB8-7948DC708E70}"
EndProject
Project("{9A19103F-16F7-4668-BE54-9A1E7A4F7556}") = "DS1", "seminar1\DS\DS1_Task_2\DS1.csproj", "{2938CB90-C702-4E19-9B4D-720F4578F933}"
EndProject
Project("{9A19103F-16F7-4668-BE54-9A1E7A4F7556}") = "DS2", "seminar1\DS\DS2_Task_4\DS2.csproj", "{9D231814-72CB-4837-A218-3E37A31AE5CD}"
EndProject
Project("{9A19103F-16F7-4668-BE54-9A1E7A4F7556}") = "DS3_Task_6", "seminar1\DS\DS3_Task_6\DS3_Task_6.csproj", "{77073C27-31E5-4AFD-AC42-FD00D99AA9FE}"
EndProject
Project("{9A19103F-16F7-4668-BE54-9A1E7A4F7556}") = "DS4_Task_8", "seminar1\DS\DS4_Task_8\DS4_Task_8.csproj", "{714A3026-AA18-49B4-8393-46F3A6C1BBDD}"
EndProject
Project("{2150E333-8FDC-42A3-9474-1A3956D46DE8}") = "Domashnie_Zadanie", "Domashnie_Zadanie", "{7973B897-CA05-4CD7-B30B-13C0AF537B80}"
EndProject
Project("{9A19103F-16F7-4668-BE54-9A1E7A4F7556}") = "Task_1(10)", "seminar2\Domashnie_Zadanie\Task_1(10)\Task_1(10).csproj", "{0D6EE6B6-CB23-433D-9ACA-91332AAFF4E0}"
EndProject
Project("{9A19103F-16F7-4668-BE54-9A1E7A4F7556}") = "Task_2(13)", "seminar2\Domashnie_Zadanie\Task_2(13)\Task_2(13).csproj", "{E303FDE1-229F-408F-BA7C-3076CF927E5B}"
EndProject
Project("{9A19103F-16F7-4668-BE54-9A1E7A4F7556}") = "Task_2(15)", "seminar2\Domashnie_Zadanie\Task_2(15)\Task_2(15).csproj", "{4D58590D-6B39-4738-93AC-CE15281DCA68}"
EndProject
Project("{2150E333-8FDC-42A3-9474-1A3956D46DE8}") = "SeminarTask3 (1)", "SeminarTask3", "{9D28C2E6-C321-49A4-9365-D20E1D002D42}"
EndProject
Project("{9A19103F-16F7-4668-BE54-9A1E7A4F7556}") = "SeminarTask4", "seminar2\SeminarTask3\SeminarTask4\SeminarTask4.csproj", "{78B12047-F13C-4B80-BB97-4A69F6184E5D}"
EndProject
Global
	GlobalSection(SolutionConfigurationPlatforms) = preSolution
		Debug|Any CPU = Debug|Any CPU
		Release|Any CPU = Release|Any CPU
	EndGlobalSection
	GlobalSection(ProjectConfigurationPlatforms) = postSolution
		{D44C7CEA-427C-4083-BCA2-9FAE1F211C61}.Debug|Any CPU.ActiveCfg = Debug|Any CPU
		{D44C7CEA-427C-4083-BCA2-9FAE1F211C61}.Debug|Any CPU.Build.0 = Debug|Any CPU
		{D44C7CEA-427C-4083-BCA2-9FAE1F211C61}.Release|Any CPU.ActiveCfg = Release|Any CPU
		{D44C7CEA-427C-4083-BCA2-9FAE1F211C61}.Release|Any CPU.Build.0 = Release|Any CPU
		{1B822BE4-936E-45D1-839A-FB591BBDFA34}.Debug|Any CPU.ActiveCfg = Debug|Any CPU
		{1B822BE4-936E-45D1-839A-FB591BBDFA34}.Debug|Any CPU.Build.0 = Debug|Any CPU
		{1B822BE4-936E-45D1-839A-FB591BBDFA34}.Release|Any CPU.ActiveCfg = Release|Any CPU
		{1B822BE4-936E-45D1-839A-FB591BBDFA34}.Release|Any CPU.Build.0 = Release|Any CPU
		{8E5A6C2C-FABE-4961-827C-2E73D254C030}.Debug|Any CPU.ActiveCfg = Debug|Any CPU
		{8E5A6C2C-FABE-4961-827C-2E73D254C030}.Debug|Any CPU.Build.0 = Debug|Any CPU
		{8E5A6C2C-FABE-4961-827C-2E73D254C030}.Release|Any CPU.ActiveCfg = Release|Any CPU
		{8E5A6C2C-FABE-4961-827C-2E73D254C030}.Release|Any CPU.Build.0 = Release|Any CPU
		{A222A536-0ADA-4635-A9B7-ECDC4E32FD78}.Debug|Any CPU.ActiveCfg = Debug|Any CPU
		{A222A536-0ADA-4635-A9B7-ECDC4E32FD78}.Debug|Any CPU.Build.0 = Debug|Any CPU
		{A222A536-0ADA-4635-A9B7-ECDC4E32FD78}.Release|Any CPU.ActiveCfg = Release|Any CPU
		{A222A536-0ADA-4635-A9B7-ECDC4E32FD78}.Release|Any CPU.Build.0 = Release|Any CPU
		{418DFAAA-D6BC-4940-850B-DC4FDD0945E5}.Debug|Any CPU.ActiveCfg = Debug|Any CPU
		{418DFAAA-D6BC-4940-850B-DC4FDD0945E5}.Debug|Any CPU.Build.0 = Debug|Any CPU
		{418DFAAA-D6BC-4940-850B-DC4FDD0945E5}.Release|Any CPU.ActiveCfg = Release|Any CPU
		{418DFAAA-D6BC-4940-850B-DC4FDD0945E5}.Release|Any CPU.Build.0 = Release|Any CPU
		{349A802A-83C5-4984-9247-E19FE22183F0}.Debug|Any CPU.ActiveCfg = Debug|Any CPU
		{349A802A-83C5-4984-9247-E19FE22183F0}.Debug|Any CPU.Build.0 = Debug|Any CPU
		{349A802A-83C5-4984-9247-E19FE22183F0}.Release|Any CPU.ActiveCfg = Release|Any CPU
		{349A802A-83C5-4984-9247-E19FE22183F0}.Release|Any CPU.Build.0 = Release|Any CPU
		{E6E64EA0-61B2-4A54-B2E8-561CBD1FBBF4}.Debug|Any CPU.ActiveCfg = Debug|Any CPU
		{E6E64EA0-61B2-4A54-B2E8-561CBD1FBBF4}.Debug|Any CPU.Build.0 = Debug|Any CPU
		{E6E64EA0-61B2-4A54-B2E8-561CBD1FBBF4}.Release|Any CPU.ActiveCfg = Release|Any CPU
		{E6E64EA0-61B2-4A54-B2E8-561CBD1FBBF4}.Release|Any CPU.Build.0 = Release|Any CPU
		{75518683-6291-4D33-9D74-229FDEDA2036}.Debug|Any CPU.ActiveCfg = Debug|Any CPU
		{75518683-6291-4D33-9D74-229FDEDA2036}.Debug|Any CPU.Build.0 = Debug|Any CPU
		{75518683-6291-4D33-9D74-229FDEDA2036}.Release|Any CPU.ActiveCfg = Release|Any CPU
		{75518683-6291-4D33-9D74-229FDEDA2036}.Release|Any CPU.Build.0 = Release|Any CPU
		{F85B8219-6D4A-40D5-9B9C-AE08B577B782}.Debug|Any CPU.ActiveCfg = Debug|Any CPU
		{F85B8219-6D4A-40D5-9B9C-AE08B577B782}.Debug|Any CPU.Build.0 = Debug|Any CPU
		{F85B8219-6D4A-40D5-9B9C-AE08B577B782}.Release|Any CPU.ActiveCfg = Release|Any CPU
		{F85B8219-6D4A-40D5-9B9C-AE08B577B782}.Release|Any CPU.Build.0 = Release|Any CPU
		{2938CB90-C702-4E19-9B4D-720F4578F933}.Debug|Any CPU.ActiveCfg = Debug|Any CPU
		{2938CB90-C702-4E19-9B4D-720F4578F933}.Debug|Any CPU.Build.0 = Debug|Any CPU
		{2938CB90-C702-4E19-9B4D-720F4578F933}.Release|Any CPU.ActiveCfg = Release|Any CPU
		{2938CB90-C702-4E19-9B4D-720F4578F933}.Release|Any CPU.Build.0 = Release|Any CPU
		{9D231814-72CB-4837-A218-3E37A31AE5CD}.Debug|Any CPU.ActiveCfg = Debug|Any CPU
		{9D231814-72CB-4837-A218-3E37A31AE5CD}.Debug|Any CPU.Build.0 = Debug|Any CPU
		{9D231814-72CB-4837-A218-3E37A31AE5CD}.Release|Any CPU.ActiveCfg = Release|Any CPU
		{9D231814-72CB-4837-A218-3E37A31AE5CD}.Release|Any CPU.Build.0 = Release|Any CPU
		{77073C27-31E5-4AFD-AC42-FD00D99AA9FE}.Debug|Any CPU.ActiveCfg = Debug|Any CPU
		{77073C27-31E5-4AFD-AC42-FD00D99AA9FE}.Debug|Any CPU.Build.0 = Debug|Any CPU
		{77073C27-31E5-4AFD-AC42-FD00D99AA9FE}.Release|Any CPU.ActiveCfg = Release|Any CPU
		{77073C27-31E5-4AFD-AC42-FD00D99AA9FE}.Release|Any CPU.Build.0 = Release|Any CPU
		{714A3026-AA18-49B4-8393-46F3A6C1BBDD}.Debug|Any CPU.ActiveCfg = Debug|Any CPU
		{714A3026-AA18-49B4-8393-46F3A6C1BBDD}.Debug|Any CPU.Build.0 = Debug|Any CPU
		{714A3026-AA18-49B4-8393-46F3A6C1BBDD}.Release|Any CPU.ActiveCfg = Release|Any CPU
		{714A3026-AA18-49B4-8393-46F3A6C1BBDD}.Release|Any CPU.Build.0 = Release|Any CPU
		{0D6EE6B6-CB23-433D-9ACA-91332AAFF4E0}.Debug|Any CPU.ActiveCfg = Debug|Any CPU
		{0D6EE6B6-CB23-433D-9ACA-91332AAFF4E0}.Debug|Any CPU.Build.0 = Debug|Any CPU
		{0D6EE6B6-CB23-433D-9ACA-91332AAFF4E0}.Release|Any CPU.ActiveCfg = Release|Any CPU
		{0D6EE6B6-CB23-433D-9ACA-91332AAFF4E0}.Release|Any CPU.Build.0 = Release|Any CPU
		{E303FDE1-229F-408F-BA7C-3076CF927E5B}.Debug|Any CPU.ActiveCfg = Debug|Any CPU
		{E303FDE1-229F-408F-BA7C-3076CF927E5B}.Debug|Any CPU.Build.0 = Debug|Any CPU
		{E303FDE1-229F-408F-BA7C-3076CF927E5B}.Release|Any CPU.ActiveCfg = Release|Any CPU
		{E303FDE1-229F-408F-BA7C-3076CF927E5B}.Release|Any CPU.Build.0 = Release|Any CPU
		{4D58590D-6B39-4738-93AC-CE15281DCA68}.Debug|Any CPU.ActiveCfg = Debug|Any CPU
		{4D58590D-6B39-4738-93AC-CE15281DCA68}.Debug|Any CPU.Build.0 = Debug|Any CPU
		{4D58590D-6B39-4738-93AC-CE15281DCA68}.Release|Any CPU.ActiveCfg = Release|Any CPU
		{4D58590D-6B39-4738-93AC-CE15281DCA68}.Release|Any CPU.Build.0 = Release|Any CPU
		{78B12047-F13C-4B80-BB97-4A69F6184E5D}.Debug|Any CPU.ActiveCfg = Debug|Any CPU
		{78B12047-F13C-4B80-BB97-4A69F6184E5D}.Debug|Any CPU.Build.0 = Debug|Any CPU
		{78B12047-F13C-4B80-BB97-4A69F6184E5D}.Release|Any CPU.ActiveCfg = Release|Any CPU
		{78B12047-F13C-4B80-BB97-4A69F6184E5D}.Release|Any CPU.Build.0 = Release|Any CPU
	EndGlobalSection
	GlobalSection(SolutionProperties) = preSolution
		HideSolutionNode = FALSE
	EndGlobalSection
	GlobalSection(NestedProjects) = preSolution
		{D44C7CEA-427C-4083-BCA2-9FAE1F211C61} = {068CD6F0-6D91-4DE2-B7BC-60D7CD481EFC}
		{1B822BE4-936E-45D1-839A-FB591BBDFA34} = {068CD6F0-6D91-4DE2-B7BC-60D7CD481EFC}
		{8E5A6C2C-FABE-4961-827C-2E73D254C030} = {068CD6F0-6D91-4DE2-B7BC-60D7CD481EFC}
		{A222A536-0ADA-4635-A9B7-ECDC4E32FD78} = {068CD6F0-6D91-4DE2-B7BC-60D7CD481EFC}
		{418DFAAA-D6BC-4940-850B-DC4FDD0945E5} = {068CD6F0-6D91-4DE2-B7BC-60D7CD481EFC}
		{349A802A-83C5-4984-9247-E19FE22183F0} = {57CF85C5-74E2-4D03-B453-5222E8CD1068}
		{E6E64EA0-61B2-4A54-B2E8-561CBD1FBBF4} = {57CF85C5-74E2-4D03-B453-5222E8CD1068}
		{75518683-6291-4D33-9D74-229FDEDA2036} = {57CF85C5-74E2-4D03-B453-5222E8CD1068}
		{F85B8219-6D4A-40D5-9B9C-AE08B577B782} = {57CF85C5-74E2-4D03-B453-5222E8CD1068}
		{C2355601-EFF5-4CCB-BBB8-7948DC708E70} = {068CD6F0-6D91-4DE2-B7BC-60D7CD481EFC}
		{2938CB90-C702-4E19-9B4D-720F4578F933} = {C2355601-EFF5-4CCB-BBB8-7948DC708E70}
		{9D231814-72CB-4837-A218-3E37A31AE5CD} = {C2355601-EFF5-4CCB-BBB8-7948DC708E70}
		{77073C27-31E5-4AFD-AC42-FD00D99AA9FE} = {C2355601-EFF5-4CCB-BBB8-7948DC708E70}
		{714A3026-AA18-49B4-8393-46F3A6C1BBDD} = {C2355601-EFF5-4CCB-BBB8-7948DC708E70}
		{7973B897-CA05-4CD7-B30B-13C0AF537B80} = {57CF85C5-74E2-4D03-B453-5222E8CD1068}
		{0D6EE6B6-CB23-433D-9ACA-91332AAFF4E0} = {7973B897-CA05-4CD7-B30B-13C0AF537B80}
		{E303FDE1-229F-408F-BA7C-3076CF927E5B} = {7973B897-CA05-4CD7-B30B-13C0AF537B80}
		{4D58590D-6B39-4738-93AC-CE15281DCA68} = {7973B897-CA05-4CD7-B30B-13C0AF537B80}
		{9D28C2E6-C321-49A4-9365-D20E1D002D42} = {57CF85C5-74E2-4D03-B453-5222E8CD1068}
		{78B12047-F13C-4B80-BB97-4A69F6184E5D} = {9D28C2E6-C321-49A4-9365-D20E1D002D42}
	EndGlobalSection
	GlobalSection(ExtensibilityGlobals) = postSolution
		SolutionGuid = {79606E11-D318-4362-84C3-DFFCF75BA6E1}
	EndGlobalSection
EndGlobal
